
Microsoft Visual Studio Solution File, Format Version 12.00
# Visual Studio 15
Project("{FAE04EC0-301F-11D3-BF4B-00C04F79EFBC}") = "Assembly-CSharp", "Assembly-CSharp.csproj", "{1102B647-E3EF-B834-A79D-4EC4C9428EB2}"
EndProject
Project("{FAE04EC0-301F-11D3-BF4B-00C04F79EFBC}") = "Assembly-CSharp-Editor", "Assembly-CSharp-Editor.csproj", "{FB3D1B57-138A-E4FD-B00F-3526EE322E0D}"
EndProject
Project("{FAE04EC0-301F-11D3-BF4B-00C04F79EFBC}") = "Assembly-CSharp-firstpass", "Assembly-CSharp-firstpass.csproj", "{32FB48F4-93E6-DB85-65BC-B74B330052C5}"
EndProject
Global
	GlobalSection(SolutionConfigurationPlatforms) = preSolution
		Debug|Any CPU = Debug|Any CPU
		Release|Any CPU = Release|Any CPU
	EndGlobalSection
	GlobalSection(ProjectConfigurationPlatforms) = postSolution
		{1102B647-E3EF-B834-A79D-4EC4C9428EB2}.Debug|Any CPU.ActiveCfg = Debug|Any CPU
		{1102B647-E3EF-B834-A79D-4EC4C9428EB2}.Debug|Any CPU.Build.0 = Debug|Any CPU
		{1102B647-E3EF-B834-A79D-4EC4C9428EB2}.Release|Any CPU.ActiveCfg = Release|Any CPU
		{1102B647-E3EF-B834-A79D-4EC4C9428EB2}.Release|Any CPU.Build.0 = Release|Any CPU
		{FB3D1B57-138A-E4FD-B00F-3526EE322E0D}.Debug|Any CPU.ActiveCfg = Debug|Any CPU
		{FB3D1B57-138A-E4FD-B00F-3526EE322E0D}.Debug|Any CPU.Build.0 = Debug|Any CPU
		{FB3D1B57-138A-E4FD-B00F-3526EE322E0D}.Release|Any CPU.ActiveCfg = Release|Any CPU
		{FB3D1B57-138A-E4FD-B00F-3526EE322E0D}.Release|Any CPU.Build.0 = Release|Any CPU
		{32FB48F4-93E6-DB85-65BC-B74B330052C5}.Debug|Any CPU.ActiveCfg = Debug|Any CPU
		{32FB48F4-93E6-DB85-65BC-B74B330052C5}.Debug|Any CPU.Build.0 = Debug|Any CPU
		{32FB48F4-93E6-DB85-65BC-B74B330052C5}.Release|Any CPU.ActiveCfg = Release|Any CPU
		{32FB48F4-93E6-DB85-65BC-B74B330052C5}.Release|Any CPU.Build.0 = Release|Any CPU
	EndGlobalSection
	GlobalSection(SolutionProperties) = preSolution
		HideSolutionNode = FALSE
	EndGlobalSection
EndGlobal
